
Microsoft Visual Studio Solution File, Format Version 12.00
# Visual Studio Version 17
VisualStudioVersion = 17.5.33424.131
MinimumVisualStudioVersion = 10.0.40219.1
Project("{9A19103F-16F7-4668-BE54-9A1E7A4F7556}") = "M45A1_plugin", "M45A1_plugin.csproj", "{7B5D63E1-540A-43EC-BF97-C95303C8A3CA}"
EndProject
Global
	GlobalSection(SolutionConfigurationPlatforms) = preSolution
		Debug|Any CPU = Debug|Any CPU
		Release|Any CPU = Release|Any CPU
	EndGlobalSection
	GlobalSection(ProjectConfigurationPlatforms) = postSolution
		{7B5D63E1-540A-43EC-BF97-C95303C8A3CA}.Debug|Any CPU.ActiveCfg = Debug|Any CPU
		{7B5D63E1-540A-43EC-BF97-C95303C8A3CA}.Debug|Any CPU.Build.0 = Debug|Any CPU
		{7B5D63E1-540A-43EC-BF97-C95303C8A3CA}.Release|Any CPU.ActiveCfg = Release|Any CPU
		{7B5D63E1-540A-43EC-BF97-C95303C8A3CA}.Release|Any CPU.Build.0 = Release|Any CPU
	EndGlobalSection
	GlobalSection(SolutionProperties) = preSolution
		HideSolutionNode = FALSE
	EndGlobalSection
	GlobalSection(ExtensibilityGlobals) = postSolution
		SolutionGuid = {533F1565-F739-429E-A76C-115A55C47303}
	EndGlobalSection
EndGlobal
